
Microsoft Visual Studio Solution File, Format Version 12.00
# Visual Studio Version 17
VisualStudioVersion = 17.9.34728.123
MinimumVisualStudioVersion = 10.0.40219.1
Project("{FAE04EC0-301F-11D3-BF4B-00C04F79EFBC}") = "MVCCrud", "MVCCrud\MVCCrud.csproj", "{F41DA503-EB71-416F-BCD9-2C48D21940BE}"
EndProject
Global
	GlobalSection(SolutionConfigurationPlatforms) = preSolution
		Debug|Any CPU = Debug|Any CPU
		Release|Any CPU = Release|Any CPU
	EndGlobalSection
	GlobalSection(ProjectConfigurationPlatforms) = postSolution
		{F41DA503-EB71-416F-BCD9-2C48D21940BE}.Debug|Any CPU.ActiveCfg = Debug|Any CPU
		{F41DA503-EB71-416F-BCD9-2C48D21940BE}.Debug|Any CPU.Build.0 = Debug|Any CPU
		{F41DA503-EB71-416F-BCD9-2C48D21940BE}.Release|Any CPU.ActiveCfg = Release|Any CPU
		{F41DA503-EB71-416F-BCD9-2C48D21940BE}.Release|Any CPU.Build.0 = Release|Any CPU
	EndGlobalSection
	GlobalSection(SolutionProperties) = preSolution
		HideSolutionNode = FALSE
	EndGlobalSection
	GlobalSection(ExtensibilityGlobals) = postSolution
		SolutionGuid = {BA4B406E-DA89-4E47-BF6A-0F7CCE095EDB}
	EndGlobalSection
EndGlobal
